
Microsoft Visual Studio Solution File, Format Version 12.00
# Visual Studio Version 16
VisualStudioVersion = 16.0.30309.148
MinimumVisualStudioVersion = 10.0.40219.1
Project("{FAE04EC0-301F-11D3-BF4B-00C04F79EFBC}") = "RepoApi", "RepoApi\RepoApi.csproj", "{8AE768F9-35D7-4CDF-BFA0-F0E19731FB68}"
EndProject
Project("{FAE04EC0-301F-11D3-BF4B-00C04F79EFBC}") = "RepoApiTest", "RepoApiTest\RepoApiTest.csproj", "{08E6E7B1-93E6-459C-A6B1-06D6B8379597}"
EndProject
Global
	GlobalSection(SolutionConfigurationPlatforms) = preSolution
		Debug|Any CPU = Debug|Any CPU
		Release|Any CPU = Release|Any CPU
	EndGlobalSection
	GlobalSection(ProjectConfigurationPlatforms) = postSolution
		{8AE768F9-35D7-4CDF-BFA0-F0E19731FB68}.Debug|Any CPU.ActiveCfg = Debug|Any CPU
		{8AE768F9-35D7-4CDF-BFA0-F0E19731FB68}.Debug|Any CPU.Build.0 = Debug|Any CPU
		{8AE768F9-35D7-4CDF-BFA0-F0E19731FB68}.Release|Any CPU.ActiveCfg = Release|Any CPU
		{8AE768F9-35D7-4CDF-BFA0-F0E19731FB68}.Release|Any CPU.Build.0 = Release|Any CPU
		{08E6E7B1-93E6-459C-A6B1-06D6B8379597}.Debug|Any CPU.ActiveCfg = Debug|Any CPU
		{08E6E7B1-93E6-459C-A6B1-06D6B8379597}.Debug|Any CPU.Build.0 = Debug|Any CPU
		{08E6E7B1-93E6-459C-A6B1-06D6B8379597}.Release|Any CPU.ActiveCfg = Release|Any CPU
		{08E6E7B1-93E6-459C-A6B1-06D6B8379597}.Release|Any CPU.Build.0 = Release|Any CPU
	EndGlobalSection
	GlobalSection(SolutionProperties) = preSolution
		HideSolutionNode = FALSE
	EndGlobalSection
	GlobalSection(ExtensibilityGlobals) = postSolution
		SolutionGuid = {1386952C-5237-455A-84B5-37FD3AE945E6}
	EndGlobalSection
EndGlobal
